
Microsoft Visual Studio Solution File, Format Version 12.00
# Visual Studio 15
VisualStudioVersion = 15.0.27428.2015
MinimumVisualStudioVersion = 10.0.40219.1
Project("{FAE04EC0-301F-11D3-BF4B-00C04F79EFBC}") = "VisutalMouse", "VisutalMouse\VisutalMouse.csproj", "{D772131A-FC77-4953-B1E8-6A2DC41B574F}"
EndProject
Global
	GlobalSection(SolutionConfigurationPlatforms) = preSolution
		Debug|Any CPU = Debug|Any CPU
		Release|Any CPU = Release|Any CPU
	EndGlobalSection
	GlobalSection(ProjectConfigurationPlatforms) = postSolution
		{D772131A-FC77-4953-B1E8-6A2DC41B574F}.Debug|Any CPU.ActiveCfg = Debug|Any CPU
		{D772131A-FC77-4953-B1E8-6A2DC41B574F}.Debug|Any CPU.Build.0 = Debug|Any CPU
		{D772131A-FC77-4953-B1E8-6A2DC41B574F}.Release|Any CPU.ActiveCfg = Release|Any CPU
		{D772131A-FC77-4953-B1E8-6A2DC41B574F}.Release|Any CPU.Build.0 = Release|Any CPU
	EndGlobalSection
	GlobalSection(SolutionProperties) = preSolution
		HideSolutionNode = FALSE
	EndGlobalSection
	GlobalSection(ExtensibilityGlobals) = postSolution
		SolutionGuid = {FA3AA1AF-01F1-4374-AE40-0FB968AB62C9}
	EndGlobalSection
EndGlobal
